
Microsoft Visual Studio Solution File, Format Version 12.00
# Visual Studio Version 16
VisualStudioVersion = 25.0.1700.0
MinimumVisualStudioVersion = 10.0.40219.1
Project("{FAE04EC0-301F-11D3-BF4B-00C04F79EFBC}") = "MinimalApi", "MinimalApi\MinimalApi.csproj", "{410FF595-9DAB-4FCD-9698-717B434FEB2F}"
EndProject
Project("{FAE04EC0-301F-11D3-BF4B-00C04F79EFBC}") = "DataAccess", "DataAccess\DataAccess.csproj", "{2AB2DF46-EA8E-4A1A-AEAD-F6DEA50CFD32}"
EndProject
Global
	GlobalSection(SolutionConfigurationPlatforms) = preSolution
		Debug|Any CPU = Debug|Any CPU
		Release|Any CPU = Release|Any CPU
	EndGlobalSection
	GlobalSection(ProjectConfigurationPlatforms) = postSolution
		{410FF595-9DAB-4FCD-9698-717B434FEB2F}.Debug|Any CPU.ActiveCfg = Debug|Any CPU
		{410FF595-9DAB-4FCD-9698-717B434FEB2F}.Debug|Any CPU.Build.0 = Debug|Any CPU
		{410FF595-9DAB-4FCD-9698-717B434FEB2F}.Release|Any CPU.ActiveCfg = Release|Any CPU
		{410FF595-9DAB-4FCD-9698-717B434FEB2F}.Release|Any CPU.Build.0 = Release|Any CPU
		{2AB2DF46-EA8E-4A1A-AEAD-F6DEA50CFD32}.Debug|Any CPU.ActiveCfg = Debug|Any CPU
		{2AB2DF46-EA8E-4A1A-AEAD-F6DEA50CFD32}.Debug|Any CPU.Build.0 = Debug|Any CPU
		{2AB2DF46-EA8E-4A1A-AEAD-F6DEA50CFD32}.Release|Any CPU.ActiveCfg = Release|Any CPU
		{2AB2DF46-EA8E-4A1A-AEAD-F6DEA50CFD32}.Release|Any CPU.Build.0 = Release|Any CPU
	EndGlobalSection
	GlobalSection(SolutionProperties) = preSolution
		HideSolutionNode = FALSE
	EndGlobalSection
	GlobalSection(ExtensibilityGlobals) = postSolution
		SolutionGuid = {7457B4D6-A7AD-4355-A12F-E20E4292F5E1}
	EndGlobalSection
EndGlobal
